
Microsoft Visual Studio Solution File, Format Version 12.00
# Visual Studio Version 16
VisualStudioVersion = 16.0.33214.272
MinimumVisualStudioVersion = 10.0.40219.1
Project("{FAE04EC0-301F-11D3-BF4B-00C04F79EFBC}") = "01_LayoutControl_", "..\01_LayoutControl_\01_LayoutControl_.csproj", "{C8927DAF-74DD-486B-ADBD-9FF5B3052351}"
EndProject
Global
	GlobalSection(SolutionConfigurationPlatforms) = preSolution
		Debug|Any CPU = Debug|Any CPU
		Release|Any CPU = Release|Any CPU
	EndGlobalSection
	GlobalSection(ProjectConfigurationPlatforms) = postSolution
		{C8927DAF-74DD-486B-ADBD-9FF5B3052351}.Debug|Any CPU.ActiveCfg = Debug|Any CPU
		{C8927DAF-74DD-486B-ADBD-9FF5B3052351}.Debug|Any CPU.Build.0 = Debug|Any CPU
		{C8927DAF-74DD-486B-ADBD-9FF5B3052351}.Release|Any CPU.ActiveCfg = Release|Any CPU
		{C8927DAF-74DD-486B-ADBD-9FF5B3052351}.Release|Any CPU.Build.0 = Release|Any CPU
	EndGlobalSection
	GlobalSection(SolutionProperties) = preSolution
		HideSolutionNode = FALSE
	EndGlobalSection
	GlobalSection(ExtensibilityGlobals) = postSolution
		SolutionGuid = {949A6CB4-790A-4FD6-BA16-4E4118758B78}
	EndGlobalSection
EndGlobal
