
Microsoft Visual Studio Solution File, Format Version 12.00
# Visual Studio Version 16
VisualStudioVersion = 16.0.33214.272
MinimumVisualStudioVersion = 10.0.40219.1
Project("{9A19103F-16F7-4668-BE54-9A1E7A4F7556}") = "A011_FormatSpecifier", "A011_FormatSpecifier.csproj", "{1568DF97-A036-481F-803B-423FF984054C}"
EndProject
Global
	GlobalSection(SolutionConfigurationPlatforms) = preSolution
		Debug|Any CPU = Debug|Any CPU
		Release|Any CPU = Release|Any CPU
	EndGlobalSection
	GlobalSection(ProjectConfigurationPlatforms) = postSolution
		{1568DF97-A036-481F-803B-423FF984054C}.Debug|Any CPU.ActiveCfg = Debug|Any CPU
		{1568DF97-A036-481F-803B-423FF984054C}.Debug|Any CPU.Build.0 = Debug|Any CPU
		{1568DF97-A036-481F-803B-423FF984054C}.Release|Any CPU.ActiveCfg = Release|Any CPU
		{1568DF97-A036-481F-803B-423FF984054C}.Release|Any CPU.Build.0 = Release|Any CPU
	EndGlobalSection
	GlobalSection(SolutionProperties) = preSolution
		HideSolutionNode = FALSE
	EndGlobalSection
	GlobalSection(ExtensibilityGlobals) = postSolution
		SolutionGuid = {7B995E19-1558-4DD7-8334-D61A61902288}
	EndGlobalSection
EndGlobal
