
Microsoft Visual Studio Solution File, Format Version 12.00
# Visual Studio Version 16
VisualStudioVersion = 16.0.33214.272
MinimumVisualStudioVersion = 10.0.40219.1
Project("{FAE04EC0-301F-11D3-BF4B-00C04F79EFBC}") = "WindowsFormsApp4", "WindowsFormsApp4.csproj", "{B08FC60D-0821-4837-AF3E-BAB196C9E97C}"
EndProject
Global
	GlobalSection(SolutionConfigurationPlatforms) = preSolution
		Debug|Any CPU = Debug|Any CPU
		Release|Any CPU = Release|Any CPU
	EndGlobalSection
	GlobalSection(ProjectConfigurationPlatforms) = postSolution
		{B08FC60D-0821-4837-AF3E-BAB196C9E97C}.Debug|Any CPU.ActiveCfg = Debug|Any CPU
		{B08FC60D-0821-4837-AF3E-BAB196C9E97C}.Debug|Any CPU.Build.0 = Debug|Any CPU
		{B08FC60D-0821-4837-AF3E-BAB196C9E97C}.Release|Any CPU.ActiveCfg = Release|Any CPU
		{B08FC60D-0821-4837-AF3E-BAB196C9E97C}.Release|Any CPU.Build.0 = Release|Any CPU
	EndGlobalSection
	GlobalSection(SolutionProperties) = preSolution
		HideSolutionNode = FALSE
	EndGlobalSection
	GlobalSection(ExtensibilityGlobals) = postSolution
		SolutionGuid = {67E6F81A-5EEB-41D0-8EEE-68DB0355843E}
	EndGlobalSection
EndGlobal
