
Microsoft Visual Studio Solution File, Format Version 12.00
# Visual Studio Version 17
VisualStudioVersion = 17.4.33103.184
MinimumVisualStudioVersion = 10.0.40219.1
Project("{FAE04EC0-301F-11D3-BF4B-00C04F79EFBC}") = "ConsoleApp1", "ConsoleApp1\ConsoleApp1.csproj", "{6FF02D18-A21E-4749-AD4C-2590DBE3D1FA}"
EndProject
Global
	GlobalSection(SolutionConfigurationPlatforms) = preSolution
		Debug|Any CPU = Debug|Any CPU
		Release|Any CPU = Release|Any CPU
	EndGlobalSection
	GlobalSection(ProjectConfigurationPlatforms) = postSolution
		{6FF02D18-A21E-4749-AD4C-2590DBE3D1FA}.Debug|Any CPU.ActiveCfg = Debug|Any CPU
		{6FF02D18-A21E-4749-AD4C-2590DBE3D1FA}.Debug|Any CPU.Build.0 = Debug|Any CPU
		{6FF02D18-A21E-4749-AD4C-2590DBE3D1FA}.Release|Any CPU.ActiveCfg = Release|Any CPU
		{6FF02D18-A21E-4749-AD4C-2590DBE3D1FA}.Release|Any CPU.Build.0 = Release|Any CPU
	EndGlobalSection
	GlobalSection(SolutionProperties) = preSolution
		HideSolutionNode = FALSE
	EndGlobalSection
	GlobalSection(ExtensibilityGlobals) = postSolution
		SolutionGuid = {2B4FCE55-3695-48D1-A228-214531DB4C95}
	EndGlobalSection
EndGlobal
